Microsoft Visual Studio Solution File, Format Version 12.00
# Visual Studio Version 18
VisualStudioVersion = 18.6.11806.211 stable
MinimumVisualStudioVersion = 10.0.40219.1
Project("{2150E333-8FDC-42A3-9474-1A3956D46DE8}") = "bugtrap", "bugtrap", "{6BE93BFF-E2B4-43F2-ADBB-F8971E43CD5A}"
EndProject
Project("{2150E333-8FDC-42A3-9474-1A3956D46DE8}") = "utils", "utils", "{89F6A7EE-3BBE-45D3-A8A8-5D9366CD987B}"
EndProject
Project("{2150E333-8FDC-42A3-9474-1A3956D46DE8}") = "dedicated", "dedicated", "{3FC858CB-4888-42FF-ABC5-82DAECB59C2C}"
EndProject
Project("{2150E333-8FDC-42A3-9474-1A3956D46DE8}") = "3rd party", "3rd party", "{2BFC806B-CE92-4EA4-8FE8-5F2EA54BA348}"
EndProject
Project("{2150E333-8FDC-42A3-9474-1A3956D46DE8}") = "Engine", "Engine", "{D67216F8-3983-4901-8501-88407927BD68}"
EndProject
Project("{8BC9CEB8-8B4A-11D0-8D11-00A0C91BC942}") = "XR_3DA", "Engine\xr_3da\XR_3DA.vcxproj", "{2578C6D8-660D-48AE-9322-7422F8664F06}"
EndProject
Project("{8BC9CEB8-8B4A-11D0-8D11-00A0C91BC942}") = "xrCDB", "Engine\xrCDB\xrCDB.vcxproj", "{A19B1DF2-82EC-4364-8BDF-85D13A1C89B5}"
EndProject
Project("{8BC9CEB8-8B4A-11D0-8D11-00A0C91BC942}") = "xrCPU_Pipe", "Engine\xrCPU_Pipe\xrCPU_Pipe.vcxproj", "{CA0649DD-D089-423A-981C-46B57A884EB9}"
EndProject
Project("{8BC9CEB8-8B4A-11D0-8D11-00A0C91BC942}") = "xrGame", "Engine\xrGame\xrGame.vcxproj", "{200652A6-043E-4634-8837-87983B3BD5E0}"
EndProject
Project("{8BC9CEB8-8B4A-11D0-8D11-00A0C91BC942}") = "xrLUA", "Engine\xrLua\xrLua.vcxproj", "{9ACE5473-6D68-4B96-AC42-B39EABA0FE1F}"
EndProject
Project("{8BC9CEB8-8B4A-11D0-8D11-00A0C91BC942}") = "xrNetServer", "Engine\xrNetServer\xrNetServer.vcxproj", "{435BAC9A-B225-457D-AB40-C9BD0CC8838C}"
EndProject
Project("{8BC9CEB8-8B4A-11D0-8D11-00A0C91BC942}") = "xrParticles", "Engine\xrParticles\xrParticles.vcxproj", "{94A1C366-3D19-48E6-8170-4ADC2E70DF97}"
EndProject
Project("{8BC9CEB8-8B4A-11D0-8D11-00A0C91BC942}") = "xrRender_R1", "Engine\xrRender_R1\xrRender_R1.vcxproj", "{57A498C9-A741-4DDF-8EFC-BFB9EB6B00E2}"
EndProject
Project("{8BC9CEB8-8B4A-11D0-8D11-00A0C91BC942}") = "xrRender_R2", "Engine\xrRender_R2\xrRender_R2.vcxproj", "{963BA4E5-499A-454D-B002-1D5ECE0527A6}"
EndProject
Project("{8BC9CEB8-8B4A-11D0-8D11-00A0C91BC942}") = "xrSound", "Engine\xrSound\xrSound.vcxproj", "{CCCA7859-EB86-493E-9B53-C4235F45B3C5}"
EndProject
Project("{8BC9CEB8-8B4A-11D0-8D11-00A0C91BC942}") = "xrXMLParser", "Engine\xrXMLParser\xrXMLParser.vcxproj", "{94A1C366-3D19-48E6-8170-4ADC2E70DF98}"
EndProject
Project("{8BC9CEB8-8B4A-11D0-8D11-00A0C91BC942}") = "BugTrap", "3rd party\BugTrap\BugTrap.vcxproj", "{B81AFF87-6159-4119-9266-A698EA51B39A}"
EndProject
Project("{8BC9CEB8-8B4A-11D0-8D11-00A0C91BC942}") = "minizip", "3rd party\minizip\minizip.vcxproj", "{CB21F08E-8089-41FE-87B1-27A772777B4B}"
EndProject
Project("{8BC9CEB8-8B4A-11D0-8D11-00A0C91BC942}") = "zlib", "3rd party\zlib\zlib.vcxproj", "{D0E5AFCC-2F2D-4DBD-B2D5-1B57874C984D}"
EndProject
Project("{8BC9CEB8-8B4A-11D0-8D11-00A0C91BC942}") = "ode", "3rd party\xrODE\contrib\msvc7\ode_default\default.vcxproj", "{A2215ADB-6EF0-496E-B74F-B21B4A60FA2F}"
EndProject
Project("{8BC9CEB8-8B4A-11D0-8D11-00A0C91BC942}") = "openal32", "3rd party\xrOpenAL\OpenAL-Windows\Router\Router.vcxproj", "{3A013736-9E2D-4970-9E70-EC2FD38B3602}"
EndProject
Project("{8BC9CEB8-8B4A-11D0-8D11-00A0C91BC942}") = "DXT", "Utils\xrDXT\DXT.vcxproj", "{CC98C9DB-0778-4F99-B3C8-72586844D500}"
EndProject
Project("{8BC9CEB8-8B4A-11D0-8D11-00A0C91BC942}") = "ETools", "Utils\ETools\ETools.vcxproj", "{B6683831-869A-4162-8B26-C181A7219032}"
EndProject
Project("{8BC9CEB8-8B4A-11D0-8D11-00A0C91BC942}") = "LWO", "Utils\LWO\LWO.vcxproj", "{A2FFD300-5B48-41D9-87C5-C6AE7C23B5E7}"
EndProject
Project("{8BC9CEB8-8B4A-11D0-8D11-00A0C91BC942}") = "stalker_net", "Utils\stalker_net\Stalker_net.vcxproj", "{BB386830-C6A8-4862-8D18-57BB8875FFB4}"
EndProject
Project("{8BC9CEB8-8B4A-11D0-8D11-00A0C91BC942}") = "xrAI", "Utils\xrAI\xrAI.vcxproj", "{09002285-CACC-41BB-B8FC-C27D1BE12C6D}"
EndProject
Project("{8BC9CEB8-8B4A-11D0-8D11-00A0C91BC942}") = "xrCompress", "Utils\xrCompress\xrCompress.vcxproj", "{F1E91BE4-44D0-4B89-8B40-A0D159EDD655}"
EndProject
Project("{8BC9CEB8-8B4A-11D0-8D11-00A0C91BC942}") = "xrCoreStatic", "Engine\xrCore\xrCoreStatic.vcxproj", "{786433AE-500D-4C65-8320-38DB53233670}"
EndProject
Project("{8BC9CEB8-8B4A-11D0-8D11-00A0C91BC942}") = "xrCore", "Engine\xrCore\xrCore.vcxproj", "{A0F7D1FB-59A7-4717-A7E4-96F37E91998E}"
EndProject
Project("{8BC9CEB8-8B4A-11D0-8D11-00A0C91BC942}") = "xrDO_Light", "Utils\xrLC\xrDO_Light\xrDO_Light.vcxproj", "{3F51985E-2BD8-4E9D-B0E9-272D4846B7C1}"
EndProject
Project("{8BC9CEB8-8B4A-11D0-8D11-00A0C91BC942}") = "xrLC", "Utils\xrLC\xrLC.vcxproj", "{3D786FD3-CE68-9244-69A8-6695AA9119C9}"
EndProject
Project("{8BC9CEB8-8B4A-11D0-8D11-00A0C91BC942}") = "xrQSlim", "Utils\xrQSlim\xrQSlim.vcxproj", "{9B9DB328-3EC7-4D97-8BDF-93EFA9ECB36D}"
EndProject
Project("{8BC9CEB8-8B4A-11D0-8D11-00A0C91BC942}") = "xrSE_Factory", "Utils\xrSE_Factory\xrSE_Factory.vcxproj", "{BF2CC1D3-E271-47F2-9B73-D6C962358D46}"
EndProject
Project("{8BC9CEB8-8B4A-11D0-8D11-00A0C91BC942}") = "xrStatisticConvert", "Utils\xrStatisticConvert\xrStatisticConvert.vcxproj", "{B5AAC219-B893-49B7-9065-31E834CDEEA4}"
EndProject
Project("{8BC9CEB8-8B4A-11D0-8D11-00A0C91BC942}") = "xrD3D9-Null", "Engine\xrGame\xrD3D9-Null\xrD3D9-Null.vcxproj", "{CD269EFC-080E-4C43-B787-6461F5B81E65}"
EndProject
Project("{8BC9CEB8-8B4A-11D0-8D11-00A0C91BC942}") = "xrGameSpy", "Engine\xrGame\xrGameSpy\xrGameSpy.vcxproj", "{5535F6B4-7AE6-4B66-8AEA-CC31C14D7AB7}"
EndProject
Global
	GlobalSection(SolutionConfigurationPlatforms) = preSolution
		Debug_Dedicated|Win32 = Debug_Dedicated|Win32
		Debug_Priquel|Win32 = Debug_Priquel|Win32
		Debug|Win32 = Debug|Win32
		Mixed_Dedicated|Win32 = Mixed_Dedicated|Win32
		Mixed_Priquel|Win32 = Mixed_Priquel|Win32
		Mixed|Win32 = Mixed|Win32
		Release_Dedicated|Win32 = Release_Dedicated|Win32
		Release_Priquel|Win32 = Release_Priquel|Win32
		Release|Win32 = Release|Win32
	EndGlobalSection
	GlobalSection(ProjectConfigurationPlatforms) = postSolution
		{2578C6D8-660D-48AE-9322-7422F8664F06}.Debug_Dedicated|Win32.ActiveCfg = Debug_Dedicated|Win32
		{2578C6D8-660D-48AE-9322-7422F8664F06}.Debug_Dedicated|Win32.Build.0 = Debug_Dedicated|Win32
		{2578C6D8-660D-48AE-9322-7422F8664F06}.Debug_Priquel|Win32.ActiveCfg = Debug|Win32
		{2578C6D8-660D-48AE-9322-7422F8664F06}.Debug_Priquel|Win32.Build.0 = Debug|Win32
		{2578C6D8-660D-48AE-9322-7422F8664F06}.Debug|Win32.ActiveCfg = Debug|Win32
		{2578C6D8-660D-48AE-9322-7422F8664F06}.Debug|Win32.Build.0 = Debug|Win32
		{2578C6D8-660D-48AE-9322-7422F8664F06}.Mixed_Dedicated|Win32.ActiveCfg = Mixed_Dedicated|Win32
		{2578C6D8-660D-48AE-9322-7422F8664F06}.Mixed_Dedicated|Win32.Build.0 = Mixed_Dedicated|Win32
		{2578C6D8-660D-48AE-9322-7422F8664F06}.Mixed_Priquel|Win32.ActiveCfg = Debug|Win32
		{2578C6D8-660D-48AE-9322-7422F8664F06}.Mixed_Priquel|Win32.Build.0 = Debug|Win32
		{2578C6D8-660D-48AE-9322-7422F8664F06}.Mixed|Win32.ActiveCfg = Mixed|Win32
		{2578C6D8-660D-48AE-9322-7422F8664F06}.Mixed|Win32.Build.0 = Mixed|Win32
		{2578C6D8-660D-48AE-9322-7422F8664F06}.Release_Dedicated|Win32.ActiveCfg = Release_Dedicated|Win32
		{2578C6D8-660D-48AE-9322-7422F8664F06}.Release_Dedicated|Win32.Build.0 = Release_Dedicated|Win32
		{2578C6D8-660D-48AE-9322-7422F8664F06}.Release_Priquel|Win32.ActiveCfg = Release|Win32
		{2578C6D8-660D-48AE-9322-7422F8664F06}.Release_Priquel|Win32.Build.0 = Release|Win32
		{2578C6D8-660D-48AE-9322-7422F8664F06}.Release|Win32.ActiveCfg = Release|Win32
		{2578C6D8-660D-48AE-9322-7422F8664F06}.Release|Win32.Build.0 = Release|Win32
		{A19B1DF2-82EC-4364-8BDF-85D13A1C89B5}.Debug_Dedicated|Win32.ActiveCfg = Debug|Win32
		{A19B1DF2-82EC-4364-8BDF-85D13A1C89B5}.Debug_Dedicated|Win32.Build.0 = Debug|Win32
		{A19B1DF2-82EC-4364-8BDF-85D13A1C89B5}.Debug_Priquel|Win32.ActiveCfg = Debug|Win32
		{A19B1DF2-82EC-4364-8BDF-85D13A1C89B5}.Debug_Priquel|Win32.Build.0 = Debug|Win32
		{A19B1DF2-82EC-4364-8BDF-85D13A1C89B5}.Debug|Win32.ActiveCfg = Debug|Win32
		{A19B1DF2-82EC-4364-8BDF-85D13A1C89B5}.Debug|Win32.Build.0 = Debug|Win32
		{A19B1DF2-82EC-4364-8BDF-85D13A1C89B5}.Mixed_Dedicated|Win32.ActiveCfg = Debug|Win32
		{A19B1DF2-82EC-4364-8BDF-85D13A1C89B5}.Mixed_Dedicated|Win32.Build.0 = Debug|Win32
		{A19B1DF2-82EC-4364-8BDF-85D13A1C89B5}.Mixed_Priquel|Win32.ActiveCfg = Debug|Win32
		{A19B1DF2-82EC-4364-8BDF-85D13A1C89B5}.Mixed_Priquel|Win32.Build.0 = Debug|Win32
		{A19B1DF2-82EC-4364-8BDF-85D13A1C89B5}.Mixed|Win32.ActiveCfg = Mixed|Win32
		{A19B1DF2-82EC-4364-8BDF-85D13A1C89B5}.Mixed|Win32.Build.0 = Mixed|Win32
		{A19B1DF2-82EC-4364-8BDF-85D13A1C89B5}.Release_Dedicated|Win32.ActiveCfg = Release|Win32
		{A19B1DF2-82EC-4364-8BDF-85D13A1C89B5}.Release_Dedicated|Win32.Build.0 = Release|Win32
		{A19B1DF2-82EC-4364-8BDF-85D13A1C89B5}.Release_Priquel|Win32.ActiveCfg = Release|Win32
		{A19B1DF2-82EC-4364-8BDF-85D13A1C89B5}.Release_Priquel|Win32.Build.0 = Release|Win32
		{A19B1DF2-82EC-4364-8BDF-85D13A1C89B5}.Release|Win32.ActiveCfg = Release|Win32
		{A19B1DF2-82EC-4364-8BDF-85D13A1C89B5}.Release|Win32.Build.0 = Release|Win32
		{CA0649DD-D089-423A-981C-46B57A884EB9}.Debug_Dedicated|Win32.ActiveCfg = Debug|Win32
		{CA0649DD-D089-423A-981C-46B57A884EB9}.Debug_Dedicated|Win32.Build.0 = Debug|Win32
		{CA0649DD-D089-423A-981C-46B57A884EB9}.Debug_Priquel|Win32.ActiveCfg = Debug|Win32
		{CA0649DD-D089-423A-981C-46B57A884EB9}.Debug_Priquel|Win32.Build.0 = Debug|Win32
		{CA0649DD-D089-423A-981C-46B57A884EB9}.Debug|Win32.ActiveCfg = Debug|Win32
		{CA0649DD-D089-423A-981C-46B57A884EB9}.Debug|Win32.Build.0 = Debug|Win32
		{CA0649DD-D089-423A-981C-46B57A884EB9}.Mixed_Dedicated|Win32.ActiveCfg = Debug|Win32
		{CA0649DD-D089-423A-981C-46B57A884EB9}.Mixed_Dedicated|Win32.Build.0 = Debug|Win32
		{CA0649DD-D089-423A-981C-46B57A884EB9}.Mixed_Priquel|Win32.ActiveCfg = Debug|Win32
		{CA0649DD-D089-423A-981C-46B57A884EB9}.Mixed_Priquel|Win32.Build.0 = Debug|Win32
		{CA0649DD-D089-423A-981C-46B57A884EB9}.Mixed|Win32.ActiveCfg = Mixed|Win32
		{CA0649DD-D089-423A-981C-46B57A884EB9}.Mixed|Win32.Build.0 = Mixed|Win32
		{CA0649DD-D089-423A-981C-46B57A884EB9}.Release_Dedicated|Win32.ActiveCfg = Release|Win32
		{CA0649DD-D089-423A-981C-46B57A884EB9}.Release_Dedicated|Win32.Build.0 = Release|Win32
		{CA0649DD-D089-423A-981C-46B57A884EB9}.Release_Priquel|Win32.ActiveCfg = Release|Win32
		{CA0649DD-D089-423A-981C-46B57A884EB9}.Release_Priquel|Win32.Build.0 = Release|Win32
		{CA0649DD-D089-423A-981C-46B57A884EB9}.Release|Win32.ActiveCfg = Release|Win32
		{CA0649DD-D089-423A-981C-46B57A884EB9}.Release|Win32.Build.0 = Release|Win32
		{200652A6-043E-4634-8837-87983B3BD5E0}.Debug_Dedicated|Win32.ActiveCfg = Debug|Win32
		{200652A6-043E-4634-8837-87983B3BD5E0}.Debug_Dedicated|Win32.Build.0 = Debug|Win32
		{200652A6-043E-4634-8837-87983B3BD5E0}.Debug_Priquel|Win32.ActiveCfg = Debug_Priquel|Win32
		{200652A6-043E-4634-8837-87983B3BD5E0}.Debug_Priquel|Win32.Build.0 = Debug_Priquel|Win32
		{200652A6-043E-4634-8837-87983B3BD5E0}.Debug|Win32.ActiveCfg = Debug|Win32
		{200652A6-043E-4634-8837-87983B3BD5E0}.Debug|Win32.Build.0 = Debug|Win32
		{200652A6-043E-4634-8837-87983B3BD5E0}.Mixed_Dedicated|Win32.ActiveCfg = Debug|Win32
		{200652A6-043E-4634-8837-87983B3BD5E0}.Mixed_Dedicated|Win32.Build.0 = Debug|Win32
		{200652A6-043E-4634-8837-87983B3BD5E0}.Mixed_Priquel|Win32.ActiveCfg = Mixed_Priquel|Win32
		{200652A6-043E-4634-8837-87983B3BD5E0}.Mixed_Priquel|Win32.Build.0 = Mixed_Priquel|Win32
		{200652A6-043E-4634-8837-87983B3BD5E0}.Mixed|Win32.ActiveCfg = Mixed|Win32
		{200652A6-043E-4634-8837-87983B3BD5E0}.Mixed|Win32.Build.0 = Mixed|Win32
		{200652A6-043E-4634-8837-87983B3BD5E0}.Release_Dedicated|Win32.ActiveCfg = Release|Win32
		{200652A6-043E-4634-8837-87983B3BD5E0}.Release_Dedicated|Win32.Build.0 = Release|Win32
		{200652A6-043E-4634-8837-87983B3BD5E0}.Release_Priquel|Win32.ActiveCfg = Release_Priquel|Win32
		{200652A6-043E-4634-8837-87983B3BD5E0}.Release_Priquel|Win32.Build.0 = Release_Priquel|Win32
		{200652A6-043E-4634-8837-87983B3BD5E0}.Release|Win32.ActiveCfg = Release|Win32
		{200652A6-043E-4634-8837-87983B3BD5E0}.Release|Win32.Build.0 = Release|Win32
		{9ACE5473-6D68-4B96-AC42-B39EABA0FE1F}.Debug_Dedicated|Win32.ActiveCfg = Debug|Win32
		{9ACE5473-6D68-4B96-AC42-B39EABA0FE1F}.Debug_Dedicated|Win32.Build.0 = Debug|Win32
		{9ACE5473-6D68-4B96-AC42-B39EABA0FE1F}.Debug_Priquel|Win32.ActiveCfg = Debug|Win32
		{9ACE5473-6D68-4B96-AC42-B39EABA0FE1F}.Debug_Priquel|Win32.Build.0 = Debug|Win32
		{9ACE5473-6D68-4B96-AC42-B39EABA0FE1F}.Debug|Win32.ActiveCfg = Debug|Win32
		{9ACE5473-6D68-4B96-AC42-B39EABA0FE1F}.Debug|Win32.Build.0 = Debug|Win32
		{9ACE5473-6D68-4B96-AC42-B39EABA0FE1F}.Mixed_Dedicated|Win32.ActiveCfg = Debug|Win32
		{9ACE5473-6D68-4B96-AC42-B39EABA0FE1F}.Mixed_Dedicated|Win32.Build.0 = Debug|Win32
		{9ACE5473-6D68-4B96-AC42-B39EABA0FE1F}.Mixed_Priquel|Win32.ActiveCfg = Debug|Win32
		{9ACE5473-6D68-4B96-AC42-B39EABA0FE1F}.Mixed_Priquel|Win32.Build.0 = Debug|Win32
		{9ACE5473-6D68-4B96-AC42-B39EABA0FE1F}.Mixed|Win32.ActiveCfg = Mixed|Win32
		{9ACE5473-6D68-4B96-AC42-B39EABA0FE1F}.Mixed|Win32.Build.0 = Mixed|Win32
		{9ACE5473-6D68-4B96-AC42-B39EABA0FE1F}.Release_Dedicated|Win32.ActiveCfg = Release|Win32
		{9ACE5473-6D68-4B96-AC42-B39EABA0FE1F}.Release_Dedicated|Win32.Build.0 = Release|Win32
		{9ACE5473-6D68-4B96-AC42-B39EABA0FE1F}.Release_Priquel|Win32.ActiveCfg = Release|Win32
		{9ACE5473-6D68-4B96-AC42-B39EABA0FE1F}.Release_Priquel|Win32.Build.0 = Release|Win32
		{9ACE5473-6D68-4B96-AC42-B39EABA0FE1F}.Release|Win32.ActiveCfg = Release|Win32
		{9ACE5473-6D68-4B96-AC42-B39EABA0FE1F}.Release|Win32.Build.0 = Release|Win32
		{435BAC9A-B225-457D-AB40-C9BD0CC8838C}.Debug_Dedicated|Win32.ActiveCfg = Debug|Win32
		{435BAC9A-B225-457D-AB40-C9BD0CC8838C}.Debug_Dedicated|Win32.Build.0 = Debug|Win32
		{435BAC9A-B225-457D-AB40-C9BD0CC8838C}.Debug_Priquel|Win32.ActiveCfg = Debug|Win32
		{435BAC9A-B225-457D-AB40-C9BD0CC8838C}.Debug_Priquel|Win32.Build.0 = Debug|Win32
		{435BAC9A-B225-457D-AB40-C9BD0CC8838C}.Debug|Win32.ActiveCfg = Debug|Win32
		{435BAC9A-B225-457D-AB40-C9BD0CC8838C}.Debug|Win32.Build.0 = Debug|Win32
		{435BAC9A-B225-457D-AB40-C9BD0CC8838C}.Mixed_Dedicated|Win32.ActiveCfg = Debug|Win32
		{435BAC9A-B225-457D-AB40-C9BD0CC8838C}.Mixed_Dedicated|Win32.Build.0 = Debug|Win32
		{435BAC9A-B225-457D-AB40-C9BD0CC8838C}.Mixed_Priquel|Win32.ActiveCfg = Debug|Win32
		{435BAC9A-B225-457D-AB40-C9BD0CC8838C}.Mixed_Priquel|Win32.Build.0 = Debug|Win32
		{435BAC9A-B225-457D-AB40-C9BD0CC8838C}.Mixed|Win32.ActiveCfg = Mixed|Win32
		{435BAC9A-B225-457D-AB40-C9BD0CC8838C}.Mixed|Win32.Build.0 = Mixed|Win32
		{435BAC9A-B225-457D-AB40-C9BD0CC8838C}.Release_Dedicated|Win32.ActiveCfg = Release|Win32
		{435BAC9A-B225-457D-AB40-C9BD0CC8838C}.Release_Dedicated|Win32.Build.0 = Release|Win32
		{435BAC9A-B225-457D-AB40-C9BD0CC8838C}.Release_Priquel|Win32.ActiveCfg = Release|Win32
		{435BAC9A-B225-457D-AB40-C9BD0CC8838C}.Release_Priquel|Win32.Build.0 = Release|Win32
		{435BAC9A-B225-457D-AB40-C9BD0CC8838C}.Release|Win32.ActiveCfg = Release|Win32
		{435BAC9A-B225-457D-AB40-C9BD0CC8838C}.Release|Win32.Build.0 = Release|Win32
		{94A1C366-3D19-48E6-8170-4ADC2E70DF97}.Debug_Dedicated|Win32.ActiveCfg = Debug|Win32
		{94A1C366-3D19-48E6-8170-4ADC2E70DF97}.Debug_Dedicated|Win32.Build.0 = Debug|Win32
		{94A1C366-3D19-48E6-8170-4ADC2E70DF97}.Debug_Priquel|Win32.ActiveCfg = Debug|Win32
		{94A1C366-3D19-48E6-8170-4ADC2E70DF97}.Debug_Priquel|Win32.Build.0 = Debug|Win32
		{94A1C366-3D19-48E6-8170-4ADC2E70DF97}.Debug|Win32.ActiveCfg = Debug|Win32
		{94A1C366-3D19-48E6-8170-4ADC2E70DF97}.Debug|Win32.Build.0 = Debug|Win32
		{94A1C366-3D19-48E6-8170-4ADC2E70DF97}.Mixed_Dedicated|Win32.ActiveCfg = Debug|Win32
		{94A1C366-3D19-48E6-8170-4ADC2E70DF97}.Mixed_Dedicated|Win32.Build.0 = Debug|Win32
		{94A1C366-3D19-48E6-8170-4ADC2E70DF97}.Mixed_Priquel|Win32.ActiveCfg = Debug|Win32
		{94A1C366-3D19-48E6-8170-4ADC2E70DF97}.Mixed_Priquel|Win32.Build.0 = Debug|Win32
		{94A1C366-3D19-48E6-8170-4ADC2E70DF97}.Mixed|Win32.ActiveCfg = Mixed|Win32
		{94A1C366-3D19-48E6-8170-4ADC2E70DF97}.Mixed|Win32.Build.0 = Mixed|Win32
		{94A1C366-3D19-48E6-8170-4ADC2E70DF97}.Release_Dedicated|Win32.ActiveCfg = Release|Win32
		{94A1C366-3D19-48E6-8170-4ADC2E70DF97}.Release_Dedicated|Win32.Build.0 = Release|Win32
		{94A1C366-3D19-48E6-8170-4ADC2E70DF97}.Release_Priquel|Win32.ActiveCfg = Release|Win32
		{94A1C366-3D19-48E6-8170-4ADC2E70DF97}.Release_Priquel|Win32.Build.0 = Release|Win32
		{94A1C366-3D19-48E6-8170-4ADC2E70DF97}.Release|Win32.ActiveCfg = Release|Win32
		{94A1C366-3D19-48E6-8170-4ADC2E70DF97}.Release|Win32.Build.0 = Release|Win32
		{57A498C9-A741-4DDF-8EFC-BFB9EB6B00E2}.Debug_Dedicated|Win32.ActiveCfg = Debug|Win32
		{57A498C9-A741-4DDF-8EFC-BFB9EB6B00E2}.Debug_Dedicated|Win32.Build.0 = Debug|Win32
		{57A498C9-A741-4DDF-8EFC-BFB9EB6B00E2}.Debug_Priquel|Win32.ActiveCfg = Debug|Win32
		{57A498C9-A741-4DDF-8EFC-BFB9EB6B00E2}.Debug_Priquel|Win32.Build.0 = Debug|Win32
		{57A498C9-A741-4DDF-8EFC-BFB9EB6B00E2}.Debug|Win32.ActiveCfg = Debug|Win32
		{57A498C9-A741-4DDF-8EFC-BFB9EB6B00E2}.Debug|Win32.Build.0 = Debug|Win32
		{57A498C9-A741-4DDF-8EFC-BFB9EB6B00E2}.Mixed_Dedicated|Win32.ActiveCfg = Debug|Win32
		{57A498C9-A741-4DDF-8EFC-BFB9EB6B00E2}.Mixed_Dedicated|Win32.Build.0 = Debug|Win32
		{57A498C9-A741-4DDF-8EFC-BFB9EB6B00E2}.Mixed_Priquel|Win32.ActiveCfg = Debug|Win32
		{57A498C9-A741-4DDF-8EFC-BFB9EB6B00E2}.Mixed_Priquel|Win32.Build.0 = Debug|Win32
		{57A498C9-A741-4DDF-8EFC-BFB9EB6B00E2}.Mixed|Win32.ActiveCfg = Mixed|Win32
		{57A498C9-A741-4DDF-8EFC-BFB9EB6B00E2}.Mixed|Win32.Build.0 = Mixed|Win32
		{57A498C9-A741-4DDF-8EFC-BFB9EB6B00E2}.Release_Dedicated|Win32.ActiveCfg = Release|Win32
		{57A498C9-A741-4DDF-8EFC-BFB9EB6B00E2}.Release_Dedicated|Win32.Build.0 = Release|Win32
		{57A498C9-A741-4DDF-8EFC-BFB9EB6B00E2}.Release_Priquel|Win32.ActiveCfg = Release|Win32
		{57A498C9-A741-4DDF-8EFC-BFB9EB6B00E2}.Release_Priquel|Win32.Build.0 = Release|Win32
		{57A498C9-A741-4DDF-8EFC-BFB9EB6B00E2}.Release|Win32.ActiveCfg = Release|Win32
		{57A498C9-A741-4DDF-8EFC-BFB9EB6B00E2}.Release|Win32.Build.0 = Release|Win32
		{963BA4E5-499A-454D-B002-1D5ECE0527A6}.Debug_Dedicated|Win32.ActiveCfg = Debug|Win32
		{963BA4E5-499A-454D-B002-1D5ECE0527A6}.Debug_Dedicated|Win32.Build.0 = Debug|Win32
		{963BA4E5-499A-454D-B002-1D5ECE0527A6}.Debug_Priquel|Win32.ActiveCfg = Debug|Win32
		{963BA4E5-499A-454D-B002-1D5ECE0527A6}.Debug_Priquel|Win32.Build.0 = Debug|Win32
		{963BA4E5-499A-454D-B002-1D5ECE0527A6}.Debug|Win32.ActiveCfg = Debug|Win32
		{963BA4E5-499A-454D-B002-1D5ECE0527A6}.Debug|Win32.Build.0 = Debug|Win32
		{963BA4E5-499A-454D-B002-1D5ECE0527A6}.Mixed_Dedicated|Win32.ActiveCfg = Debug|Win32
		{963BA4E5-499A-454D-B002-1D5ECE0527A6}.Mixed_Dedicated|Win32.Build.0 = Debug|Win32
		{963BA4E5-499A-454D-B002-1D5ECE0527A6}.Mixed_Priquel|Win32.ActiveCfg = Debug|Win32
		{963BA4E5-499A-454D-B002-1D5ECE0527A6}.Mixed_Priquel|Win32.Build.0 = Debug|Win32
		{963BA4E5-499A-454D-B002-1D5ECE0527A6}.Mixed|Win32.ActiveCfg = Mixed|Win32
		{963BA4E5-499A-454D-B002-1D5ECE0527A6}.Mixed|Win32.Build.0 = Mixed|Win32
		{963BA4E5-499A-454D-B002-1D5ECE0527A6}.Release_Dedicated|Win32.ActiveCfg = Release|Win32
		{963BA4E5-499A-454D-B002-1D5ECE0527A6}.Release_Dedicated|Win32.Build.0 = Release|Win32
		{963BA4E5-499A-454D-B002-1D5ECE0527A6}.Release_Priquel|Win32.ActiveCfg = Release|Win32
		{963BA4E5-499A-454D-B002-1D5ECE0527A6}.Release_Priquel|Win32.Build.0 = Release|Win32
		{963BA4E5-499A-454D-B002-1D5ECE0527A6}.Release|Win32.ActiveCfg = Release|Win32
		{963BA4E5-499A-454D-B002-1D5ECE0527A6}.Release|Win32.Build.0 = Release|Win32
		{CCCA7859-EB86-493E-9B53-C4235F45B3C5}.Debug_Dedicated|Win32.ActiveCfg = Debug|Win32
		{CCCA7859-EB86-493E-9B53-C4235F45B3C5}.Debug_Dedicated|Win32.Build.0 = Debug|Win32
		{CCCA7859-EB86-493E-9B53-C4235F45B3C5}.Debug_Priquel|Win32.ActiveCfg = Debug|Win32
		{CCCA7859-EB86-493E-9B53-C4235F45B3C5}.Debug_Priquel|Win32.Build.0 = Debug|Win32
		{CCCA7859-EB86-493E-9B53-C4235F45B3C5}.Debug|Win32.ActiveCfg = Debug|Win32
		{CCCA7859-EB86-493E-9B53-C4235F45B3C5}.Debug|Win32.Build.0 = Debug|Win32
		{CCCA7859-EB86-493E-9B53-C4235F45B3C5}.Mixed_Dedicated|Win32.ActiveCfg = Debug|Win32
		{CCCA7859-EB86-493E-9B53-C4235F45B3C5}.Mixed_Dedicated|Win32.Build.0 = Debug|Win32
		{CCCA7859-EB86-493E-9B53-C4235F45B3C5}.Mixed_Priquel|Win32.ActiveCfg = Debug|Win32
		{CCCA7859-EB86-493E-9B53-C4235F45B3C5}.Mixed_Priquel|Win32.Build.0 = Debug|Win32
		{CCCA7859-EB86-493E-9B53-C4235F45B3C5}.Mixed|Win32.ActiveCfg = Mixed|Win32
		{CCCA7859-EB86-493E-9B53-C4235F45B3C5}.Mixed|Win32.Build.0 = Mixed|Win32
		{CCCA7859-EB86-493E-9B53-C4235F45B3C5}.Release_Dedicated|Win32.ActiveCfg = Release|Win32
		{CCCA7859-EB86-493E-9B53-C4235F45B3C5}.Release_Dedicated|Win32.Build.0 = Release|Win32
		{CCCA7859-EB86-493E-9B53-C4235F45B3C5}.Release_Priquel|Win32.ActiveCfg = Release|Win32
		{CCCA7859-EB86-493E-9B53-C4235F45B3C5}.Release_Priquel|Win32.Build.0 = Release|Win32
		{CCCA7859-EB86-493E-9B53-C4235F45B3C5}.Release|Win32.ActiveCfg = Release|Win32
		{CCCA7859-EB86-493E-9B53-C4235F45B3C5}.Release|Win32.Build.0 = Release|Win32
		{94A1C366-3D19-48E6-8170-4ADC2E70DF98}.Debug_Dedicated|Win32.ActiveCfg = Debug|Win32
		{94A1C366-3D19-48E6-8170-4ADC2E70DF98}.Debug_Dedicated|Win32.Build.0 = Debug|Win32
		{94A1C366-3D19-48E6-8170-4ADC2E70DF98}.Debug_Priquel|Win32.ActiveCfg = Debug|Win32
		{94A1C366-3D19-48E6-8170-4ADC2E70DF98}.Debug_Priquel|Win32.Build.0 = Debug|Win32
		{94A1C366-3D19-48E6-8170-4ADC2E70DF98}.Debug|Win32.ActiveCfg = Debug|Win32
		{94A1C366-3D19-48E6-8170-4ADC2E70DF98}.Debug|Win32.Build.0 = Debug|Win32
		{94A1C366-3D19-48E6-8170-4ADC2E70DF98}.Mixed_Dedicated|Win32.ActiveCfg = Debug|Win32
		{94A1C366-3D19-48E6-8170-4ADC2E70DF98}.Mixed_Dedicated|Win32.Build.0 = Debug|Win32
		{94A1C366-3D19-48E6-8170-4ADC2E70DF98}.Mixed_Priquel|Win32.ActiveCfg = Debug|Win32
		{94A1C366-3D19-48E6-8170-4ADC2E70DF98}.Mixed_Priquel|Win32.Build.0 = Debug|Win32
		{94A1C366-3D19-48E6-8170-4ADC2E70DF98}.Mixed|Win32.ActiveCfg = Mixed|Win32
		{94A1C366-3D19-48E6-8170-4ADC2E70DF98}.Mixed|Win32.Build.0 = Mixed|Win32
		{94A1C366-3D19-48E6-8170-4ADC2E70DF98}.Release_Dedicated|Win32.ActiveCfg = Release|Win32
		{94A1C366-3D19-48E6-8170-4ADC2E70DF98}.Release_Dedicated|Win32.Build.0 = Release|Win32
		{94A1C366-3D19-48E6-8170-4ADC2E70DF98}.Release_Priquel|Win32.ActiveCfg = Release|Win32
		{94A1C366-3D19-48E6-8170-4ADC2E70DF98}.Release_Priquel|Win32.Build.0 = Release|Win32
		{94A1C366-3D19-48E6-8170-4ADC2E70DF98}.Release|Win32.ActiveCfg = Release|Win32
		{94A1C366-3D19-48E6-8170-4ADC2E70DF98}.Release|Win32.Build.0 = Release|Win32
		{B81AFF87-6159-4119-9266-A698EA51B39A}.Debug_Dedicated|Win32.ActiveCfg = Debug|Win32
		{B81AFF87-6159-4119-9266-A698EA51B39A}.Debug_Dedicated|Win32.Build.0 = Debug|Win32
		{B81AFF87-6159-4119-9266-A698EA51B39A}.Debug_Priquel|Win32.ActiveCfg = Debug|Win32
		{B81AFF87-6159-4119-9266-A698EA51B39A}.Debug_Priquel|Win32.Build.0 = Debug|Win32
		{B81AFF87-6159-4119-9266-A698EA51B39A}.Debug|Win32.ActiveCfg = Debug|Win32
		{B81AFF87-6159-4119-9266-A698EA51B39A}.Debug|Win32.Build.0 = Debug|Win32
		{B81AFF87-6159-4119-9266-A698EA51B39A}.Mixed_Dedicated|Win32.ActiveCfg = Debug|Win32
		{B81AFF87-6159-4119-9266-A698EA51B39A}.Mixed_Dedicated|Win32.Build.0 = Debug|Win32
		{B81AFF87-6159-4119-9266-A698EA51B39A}.Mixed_Priquel|Win32.ActiveCfg = Debug|Win32
		{B81AFF87-6159-4119-9266-A698EA51B39A}.Mixed_Priquel|Win32.Build.0 = Debug|Win32
		{B81AFF87-6159-4119-9266-A698EA51B39A}.Mixed|Win32.ActiveCfg = Debug|Win32
		{B81AFF87-6159-4119-9266-A698EA51B39A}.Mixed|Win32.Build.0 = Debug|Win32
		{B81AFF87-6159-4119-9266-A698EA51B39A}.Release_Dedicated|Win32.ActiveCfg = Release|Win32
		{B81AFF87-6159-4119-9266-A698EA51B39A}.Release_Dedicated|Win32.Build.0 = Release|Win32
		{B81AFF87-6159-4119-9266-A698EA51B39A}.Release_Priquel|Win32.ActiveCfg = Release|Win32
		{B81AFF87-6159-4119-9266-A698EA51B39A}.Release_Priquel|Win32.Build.0 = Release|Win32
		{B81AFF87-6159-4119-9266-A698EA51B39A}.Release|Win32.ActiveCfg = Release|Win32
		{B81AFF87-6159-4119-9266-A698EA51B39A}.Release|Win32.Build.0 = Release|Win32
		{CB21F08E-8089-41FE-87B1-27A772777B4B}.Debug_Dedicated|Win32.ActiveCfg = Debug|Win32
		{CB21F08E-8089-41FE-87B1-27A772777B4B}.Debug_Dedicated|Win32.Build.0 = Debug|Win32
		{CB21F08E-8089-41FE-87B1-27A772777B4B}.Debug_Priquel|Win32.ActiveCfg = Debug|Win32
		{CB21F08E-8089-41FE-87B1-27A772777B4B}.Debug_Priquel|Win32.Build.0 = Debug|Win32
		{CB21F08E-8089-41FE-87B1-27A772777B4B}.Debug|Win32.ActiveCfg = Debug|Win32
		{CB21F08E-8089-41FE-87B1-27A772777B4B}.Debug|Win32.Build.0 = Debug|Win32
		{CB21F08E-8089-41FE-87B1-27A772777B4B}.Mixed_Dedicated|Win32.ActiveCfg = Debug|Win32
		{CB21F08E-8089-41FE-87B1-27A772777B4B}.Mixed_Dedicated|Win32.Build.0 = Debug|Win32
		{CB21F08E-8089-41FE-87B1-27A772777B4B}.Mixed_Priquel|Win32.ActiveCfg = Debug|Win32
		{CB21F08E-8089-41FE-87B1-27A772777B4B}.Mixed_Priquel|Win32.Build.0 = Debug|Win32
		{CB21F08E-8089-41FE-87B1-27A772777B4B}.Mixed|Win32.ActiveCfg = Debug|Win32
		{CB21F08E-8089-41FE-87B1-27A772777B4B}.Mixed|Win32.Build.0 = Debug|Win32
		{CB21F08E-8089-41FE-87B1-27A772777B4B}.Release_Dedicated|Win32.ActiveCfg = Release|Win32
		{CB21F08E-8089-41FE-87B1-27A772777B4B}.Release_Dedicated|Win32.Build.0 = Release|Win32
		{CB21F08E-8089-41FE-87B1-27A772777B4B}.Release_Priquel|Win32.ActiveCfg = Release|Win32
		{CB21F08E-8089-41FE-87B1-27A772777B4B}.Release_Priquel|Win32.Build.0 = Release|Win32
		{CB21F08E-8089-41FE-87B1-27A772777B4B}.Release|Win32.ActiveCfg = Release|Win32
		{CB21F08E-8089-41FE-87B1-27A772777B4B}.Release|Win32.Build.0 = Release|Win32
		{D0E5AFCC-2F2D-4DBD-B2D5-1B57874C984D}.Debug_Dedicated|Win32.ActiveCfg = Debug|Win32
		{D0E5AFCC-2F2D-4DBD-B2D5-1B57874C984D}.Debug_Dedicated|Win32.Build.0 = Debug|Win32
		{D0E5AFCC-2F2D-4DBD-B2D5-1B57874C984D}.Debug_Priquel|Win32.ActiveCfg = Debug|Win32
		{D0E5AFCC-2F2D-4DBD-B2D5-1B57874C984D}.Debug_Priquel|Win32.Build.0 = Debug|Win32
		{D0E5AFCC-2F2D-4DBD-B2D5-1B57874C984D}.Debug|Win32.ActiveCfg = Debug|Win32
		{D0E5AFCC-2F2D-4DBD-B2D5-1B57874C984D}.Debug|Win32.Build.0 = Debug|Win32
		{D0E5AFCC-2F2D-4DBD-B2D5-1B57874C984D}.Mixed_Dedicated|Win32.ActiveCfg = Debug|Win32
		{D0E5AFCC-2F2D-4DBD-B2D5-1B57874C984D}.Mixed_Dedicated|Win32.Build.0 = Debug|Win32
		{D0E5AFCC-2F2D-4DBD-B2D5-1B57874C984D}.Mixed_Priquel|Win32.ActiveCfg = Debug|Win32
		{D0E5AFCC-2F2D-4DBD-B2D5-1B57874C984D}.Mixed_Priquel|Win32.Build.0 = Debug|Win32
		{D0E5AFCC-2F2D-4DBD-B2D5-1B57874C984D}.Mixed|Win32.ActiveCfg = Debug|Win32
		{D0E5AFCC-2F2D-4DBD-B2D5-1B57874C984D}.Mixed|Win32.Build.0 = Debug|Win32
		{D0E5AFCC-2F2D-4DBD-B2D5-1B57874C984D}.Release_Dedicated|Win32.ActiveCfg = Release|Win32
		{D0E5AFCC-2F2D-4DBD-B2D5-1B57874C984D}.Release_Dedicated|Win32.Build.0 = Release|Win32
		{D0E5AFCC-2F2D-4DBD-B2D5-1B57874C984D}.Release_Priquel|Win32.ActiveCfg = Release|Win32
		{D0E5AFCC-2F2D-4DBD-B2D5-1B57874C984D}.Release_Priquel|Win32.Build.0 = Release|Win32
		{D0E5AFCC-2F2D-4DBD-B2D5-1B57874C984D}.Release|Win32.ActiveCfg = Release|Win32
		{D0E5AFCC-2F2D-4DBD-B2D5-1B57874C984D}.Release|Win32.Build.0 = Release|Win32
		{A2215ADB-6EF0-496E-B74F-B21B4A60FA2F}.Debug_Dedicated|Win32.ActiveCfg = Debug|Win32
		{A2215ADB-6EF0-496E-B74F-B21B4A60FA2F}.Debug_Dedicated|Win32.Build.0 = Debug|Win32
		{A2215ADB-6EF0-496E-B74F-B21B4A60FA2F}.Debug_Priquel|Win32.ActiveCfg = Debug|Win32
		{A2215ADB-6EF0-496E-B74F-B21B4A60FA2F}.Debug_Priquel|Win32.Build.0 = Debug|Win32
		{A2215ADB-6EF0-496E-B74F-B21B4A60FA2F}.Debug|Win32.ActiveCfg = Debug|Win32
		{A2215ADB-6EF0-496E-B74F-B21B4A60FA2F}.Debug|Win32.Build.0 = Debug|Win32
		{A2215ADB-6EF0-496E-B74F-B21B4A60FA2F}.Mixed_Dedicated|Win32.ActiveCfg = Debug|Win32
		{A2215ADB-6EF0-496E-B74F-B21B4A60FA2F}.Mixed_Dedicated|Win32.Build.0 = Debug|Win32
		{A2215ADB-6EF0-496E-B74F-B21B4A60FA2F}.Mixed_Priquel|Win32.ActiveCfg = Debug|Win32
		{A2215ADB-6EF0-496E-B74F-B21B4A60FA2F}.Mixed_Priquel|Win32.Build.0 = Debug|Win32
		{A2215ADB-6EF0-496E-B74F-B21B4A60FA2F}.Mixed|Win32.ActiveCfg = Mixed|Win32
		{A2215ADB-6EF0-496E-B74F-B21B4A60FA2F}.Mixed|Win32.Build.0 = Mixed|Win32
		{A2215ADB-6EF0-496E-B74F-B21B4A60FA2F}.Release_Dedicated|Win32.ActiveCfg = Release|Win32
		{A2215ADB-6EF0-496E-B74F-B21B4A60FA2F}.Release_Dedicated|Win32.Build.0 = Release|Win32
		{A2215ADB-6EF0-496E-B74F-B21B4A60FA2F}.Release_Priquel|Win32.ActiveCfg = Release|Win32
		{A2215ADB-6EF0-496E-B74F-B21B4A60FA2F}.Release_Priquel|Win32.Build.0 = Release|Win32
		{A2215ADB-6EF0-496E-B74F-B21B4A60FA2F}.Release|Win32.ActiveCfg = Release|Win32
		{A2215ADB-6EF0-496E-B74F-B21B4A60FA2F}.Release|Win32.Build.0 = Release|Win32
		{3A013736-9E2D-4970-9E70-EC2FD38B3602}.Debug_Dedicated|Win32.ActiveCfg = Debug|Win32
		{3A013736-9E2D-4970-9E70-EC2FD38B3602}.Debug_Dedicated|Win32.Build.0 = Debug|Win32
		{3A013736-9E2D-4970-9E70-EC2FD38B3602}.Debug_Priquel|Win32.ActiveCfg = Debug|Win32
		{3A013736-9E2D-4970-9E70-EC2FD38B3602}.Debug_Priquel|Win32.Build.0 = Debug|Win32
		{3A013736-9E2D-4970-9E70-EC2FD38B3602}.Debug|Win32.ActiveCfg = Debug|Win32
		{3A013736-9E2D-4970-9E70-EC2FD38B3602}.Debug|Win32.Build.0 = Debug|Win32
		{3A013736-9E2D-4970-9E70-EC2FD38B3602}.Mixed_Dedicated|Win32.ActiveCfg = Debug|Win32
		{3A013736-9E2D-4970-9E70-EC2FD38B3602}.Mixed_Dedicated|Win32.Build.0 = Debug|Win32
		{3A013736-9E2D-4970-9E70-EC2FD38B3602}.Mixed_Priquel|Win32.ActiveCfg = Debug|Win32
		{3A013736-9E2D-4970-9E70-EC2FD38B3602}.Mixed_Priquel|Win32.Build.0 = Debug|Win32
		{3A013736-9E2D-4970-9E70-EC2FD38B3602}.Mixed|Win32.ActiveCfg = Debug|Win32
		{3A013736-9E2D-4970-9E70-EC2FD38B3602}.Mixed|Win32.Build.0 = Debug|Win32
		{3A013736-9E2D-4970-9E70-EC2FD38B3602}.Release_Dedicated|Win32.ActiveCfg = Release|Win32
		{3A013736-9E2D-4970-9E70-EC2FD38B3602}.Release_Dedicated|Win32.Build.0 = Release|Win32
		{3A013736-9E2D-4970-9E70-EC2FD38B3602}.Release_Priquel|Win32.ActiveCfg = Release|Win32
		{3A013736-9E2D-4970-9E70-EC2FD38B3602}.Release_Priquel|Win32.Build.0 = Release|Win32
		{3A013736-9E2D-4970-9E70-EC2FD38B3602}.Release|Win32.ActiveCfg = Release|Win32
		{3A013736-9E2D-4970-9E70-EC2FD38B3602}.Release|Win32.Build.0 = Release|Win32
		{CC98C9DB-0778-4F99-B3C8-72586844D500}.Debug_Dedicated|Win32.ActiveCfg = Debug|Win32
		{CC98C9DB-0778-4F99-B3C8-72586844D500}.Debug_Dedicated|Win32.Build.0 = Debug|Win32
		{CC98C9DB-0778-4F99-B3C8-72586844D500}.Debug_Priquel|Win32.ActiveCfg = Debug|Win32
		{CC98C9DB-0778-4F99-B3C8-72586844D500}.Debug_Priquel|Win32.Build.0 = Debug|Win32
		{CC98C9DB-0778-4F99-B3C8-72586844D500}.Debug|Win32.ActiveCfg = Debug|Win32
		{CC98C9DB-0778-4F99-B3C8-72586844D500}.Debug|Win32.Build.0 = Debug|Win32
		{CC98C9DB-0778-4F99-B3C8-72586844D500}.Mixed_Dedicated|Win32.ActiveCfg = Debug|Win32
		{CC98C9DB-0778-4F99-B3C8-72586844D500}.Mixed_Dedicated|Win32.Build.0 = Debug|Win32
		{CC98C9DB-0778-4F99-B3C8-72586844D500}.Mixed_Priquel|Win32.ActiveCfg = Debug|Win32
		{CC98C9DB-0778-4F99-B3C8-72586844D500}.Mixed_Priquel|Win32.Build.0 = Debug|Win32
		{CC98C9DB-0778-4F99-B3C8-72586844D500}.Mixed|Win32.ActiveCfg = Mixed|Win32
		{CC98C9DB-0778-4F99-B3C8-72586844D500}.Mixed|Win32.Build.0 = Mixed|Win32
		{CC98C9DB-0778-4F99-B3C8-72586844D500}.Release_Dedicated|Win32.ActiveCfg = Release|Win32
		{CC98C9DB-0778-4F99-B3C8-72586844D500}.Release_Dedicated|Win32.Build.0 = Release|Win32
		{CC98C9DB-0778-4F99-B3C8-72586844D500}.Release_Priquel|Win32.ActiveCfg = Release|Win32
		{CC98C9DB-0778-4F99-B3C8-72586844D500}.Release_Priquel|Win32.Build.0 = Release|Win32
		{CC98C9DB-0778-4F99-B3C8-72586844D500}.Release|Win32.ActiveCfg = Release|Win32
		{CC98C9DB-0778-4F99-B3C8-72586844D500}.Release|Win32.Build.0 = Release|Win32
		{B6683831-869A-4162-8B26-C181A7219032}.Debug_Dedicated|Win32.ActiveCfg = Debug|Win32
		{B6683831-869A-4162-8B26-C181A7219032}.Debug_Dedicated|Win32.Build.0 = Debug|Win32
		{B6683831-869A-4162-8B26-C181A7219032}.Debug_Priquel|Win32.ActiveCfg = Debug|Win32
		{B6683831-869A-4162-8B26-C181A7219032}.Debug_Priquel|Win32.Build.0 = Debug|Win32
		{B6683831-869A-4162-8B26-C181A7219032}.Debug|Win32.ActiveCfg = Debug|Win32
		{B6683831-869A-4162-8B26-C181A7219032}.Debug|Win32.Build.0 = Debug|Win32
		{B6683831-869A-4162-8B26-C181A7219032}.Mixed_Dedicated|Win32.ActiveCfg = Debug|Win32
		{B6683831-869A-4162-8B26-C181A7219032}.Mixed_Dedicated|Win32.Build.0 = Debug|Win32
		{B6683831-869A-4162-8B26-C181A7219032}.Mixed_Priquel|Win32.ActiveCfg = Debug|Win32
		{B6683831-869A-4162-8B26-C181A7219032}.Mixed_Priquel|Win32.Build.0 = Debug|Win32
		{B6683831-869A-4162-8B26-C181A7219032}.Mixed|Win32.ActiveCfg = Mixed|Win32
		{B6683831-869A-4162-8B26-C181A7219032}.Mixed|Win32.Build.0 = Mixed|Win32
		{B6683831-869A-4162-8B26-C181A7219032}.Release_Dedicated|Win32.ActiveCfg = Release|Win32
		{B6683831-869A-4162-8B26-C181A7219032}.Release_Dedicated|Win32.Build.0 = Release|Win32
		{B6683831-869A-4162-8B26-C181A7219032}.Release_Priquel|Win32.ActiveCfg = Release|Win32
		{B6683831-869A-4162-8B26-C181A7219032}.Release_Priquel|Win32.Build.0 = Release|Win32
		{B6683831-869A-4162-8B26-C181A7219032}.Release|Win32.ActiveCfg = Release|Win32
		{B6683831-869A-4162-8B26-C181A7219032}.Release|Win32.Build.0 = Release|Win32
		{A2FFD300-5B48-41D9-87C5-C6AE7C23B5E7}.Debug_Dedicated|Win32.ActiveCfg = Debug|Win32
		{A2FFD300-5B48-41D9-87C5-C6AE7C23B5E7}.Debug_Dedicated|Win32.Build.0 = Debug|Win32
		{A2FFD300-5B48-41D9-87C5-C6AE7C23B5E7}.Debug_Priquel|Win32.ActiveCfg = Debug|Win32
		{A2FFD300-5B48-41D9-87C5-C6AE7C23B5E7}.Debug_Priquel|Win32.Build.0 = Debug|Win32
		{A2FFD300-5B48-41D9-87C5-C6AE7C23B5E7}.Debug|Win32.ActiveCfg = Debug|Win32
		{A2FFD300-5B48-41D9-87C5-C6AE7C23B5E7}.Debug|Win32.Build.0 = Debug|Win32
		{A2FFD300-5B48-41D9-87C5-C6AE7C23B5E7}.Mixed_Dedicated|Win32.ActiveCfg = Debug|Win32
		{A2FFD300-5B48-41D9-87C5-C6AE7C23B5E7}.Mixed_Dedicated|Win32.Build.0 = Debug|Win32
		{A2FFD300-5B48-41D9-87C5-C6AE7C23B5E7}.Mixed_Priquel|Win32.ActiveCfg = Debug|Win32
		{A2FFD300-5B48-41D9-87C5-C6AE7C23B5E7}.Mixed_Priquel|Win32.Build.0 = Debug|Win32
		{A2FFD300-5B48-41D9-87C5-C6AE7C23B5E7}.Mixed|Win32.ActiveCfg = Debug|Win32
		{A2FFD300-5B48-41D9-87C5-C6AE7C23B5E7}.Mixed|Win32.Build.0 = Debug|Win32
		{A2FFD300-5B48-41D9-87C5-C6AE7C23B5E7}.Release_Dedicated|Win32.ActiveCfg = Release|Win32
		{A2FFD300-5B48-41D9-87C5-C6AE7C23B5E7}.Release_Dedicated|Win32.Build.0 = Release|Win32
		{A2FFD300-5B48-41D9-87C5-C6AE7C23B5E7}.Release_Priquel|Win32.ActiveCfg = Release|Win32
		{A2FFD300-5B48-41D9-87C5-C6AE7C23B5E7}.Release_Priquel|Win32.Build.0 = Release|Win32
		{A2FFD300-5B48-41D9-87C5-C6AE7C23B5E7}.Release|Win32.ActiveCfg = Release|Win32
		{A2FFD300-5B48-41D9-87C5-C6AE7C23B5E7}.Release|Win32.Build.0 = Release|Win32
		{BB386830-C6A8-4862-8D18-57BB8875FFB4}.Debug_Dedicated|Win32.ActiveCfg = Debug|Win32
		{BB386830-C6A8-4862-8D18-57BB8875FFB4}.Debug_Dedicated|Win32.Build.0 = Debug|Win32
		{BB386830-C6A8-4862-8D18-57BB8875FFB4}.Debug_Priquel|Win32.ActiveCfg = Debug|Win32
		{BB386830-C6A8-4862-8D18-57BB8875FFB4}.Debug_Priquel|Win32.Build.0 = Debug|Win32
		{BB386830-C6A8-4862-8D18-57BB8875FFB4}.Debug|Win32.ActiveCfg = Debug|Win32
		{BB386830-C6A8-4862-8D18-57BB8875FFB4}.Debug|Win32.Build.0 = Debug|Win32
		{BB386830-C6A8-4862-8D18-57BB8875FFB4}.Mixed_Dedicated|Win32.ActiveCfg = Debug|Win32
		{BB386830-C6A8-4862-8D18-57BB8875FFB4}.Mixed_Dedicated|Win32.Build.0 = Debug|Win32
		{BB386830-C6A8-4862-8D18-57BB8875FFB4}.Mixed_Priquel|Win32.ActiveCfg = Debug|Win32
		{BB386830-C6A8-4862-8D18-57BB8875FFB4}.Mixed_Priquel|Win32.Build.0 = Debug|Win32
		{BB386830-C6A8-4862-8D18-57BB8875FFB4}.Mixed|Win32.ActiveCfg = Debug|Win32
		{BB386830-C6A8-4862-8D18-57BB8875FFB4}.Mixed|Win32.Build.0 = Debug|Win32
		{BB386830-C6A8-4862-8D18-57BB8875FFB4}.Release_Dedicated|Win32.ActiveCfg = Release|Win32
		{BB386830-C6A8-4862-8D18-57BB8875FFB4}.Release_Dedicated|Win32.Build.0 = Release|Win32
		{BB386830-C6A8-4862-8D18-57BB8875FFB4}.Release_Priquel|Win32.ActiveCfg = Release|Win32
		{BB386830-C6A8-4862-8D18-57BB8875FFB4}.Release_Priquel|Win32.Build.0 = Release|Win32
		{BB386830-C6A8-4862-8D18-57BB8875FFB4}.Release|Win32.ActiveCfg = Release|Win32
		{BB386830-C6A8-4862-8D18-57BB8875FFB4}.Release|Win32.Build.0 = Release|Win32
		{09002285-CACC-41BB-B8FC-C27D1BE12C6D}.Debug_Dedicated|Win32.ActiveCfg = Debug|Win32
		{09002285-CACC-41BB-B8FC-C27D1BE12C6D}.Debug_Dedicated|Win32.Build.0 = Debug|Win32
		{09002285-CACC-41BB-B8FC-C27D1BE12C6D}.Debug_Priquel|Win32.ActiveCfg = Debug_Priquel|Win32
		{09002285-CACC-41BB-B8FC-C27D1BE12C6D}.Debug_Priquel|Win32.Build.0 = Debug_Priquel|Win32
		{09002285-CACC-41BB-B8FC-C27D1BE12C6D}.Debug|Win32.ActiveCfg = Debug|Win32
		{09002285-CACC-41BB-B8FC-C27D1BE12C6D}.Debug|Win32.Build.0 = Debug|Win32
		{09002285-CACC-41BB-B8FC-C27D1BE12C6D}.Mixed_Dedicated|Win32.ActiveCfg = Debug|Win32
		{09002285-CACC-41BB-B8FC-C27D1BE12C6D}.Mixed_Dedicated|Win32.Build.0 = Debug|Win32
		{09002285-CACC-41BB-B8FC-C27D1BE12C6D}.Mixed_Priquel|Win32.ActiveCfg = Mixed_Priquel|Win32
		{09002285-CACC-41BB-B8FC-C27D1BE12C6D}.Mixed_Priquel|Win32.Build.0 = Mixed_Priquel|Win32
		{09002285-CACC-41BB-B8FC-C27D1BE12C6D}.Mixed|Win32.ActiveCfg = Mixed|Win32
		{09002285-CACC-41BB-B8FC-C27D1BE12C6D}.Mixed|Win32.Build.0 = Mixed|Win32
		{09002285-CACC-41BB-B8FC-C27D1BE12C6D}.Release_Dedicated|Win32.ActiveCfg = Release|Win32
		{09002285-CACC-41BB-B8FC-C27D1BE12C6D}.Release_Dedicated|Win32.Build.0 = Release|Win32
		{09002285-CACC-41BB-B8FC-C27D1BE12C6D}.Release_Priquel|Win32.ActiveCfg = Release_Priquel|Win32
		{09002285-CACC-41BB-B8FC-C27D1BE12C6D}.Release_Priquel|Win32.Build.0 = Release_Priquel|Win32
		{09002285-CACC-41BB-B8FC-C27D1BE12C6D}.Release|Win32.ActiveCfg = Release|Win32
		{09002285-CACC-41BB-B8FC-C27D1BE12C6D}.Release|Win32.Build.0 = Release|Win32
		{F1E91BE4-44D0-4B89-8B40-A0D159EDD655}.Debug_Dedicated|Win32.ActiveCfg = Debug|Win32
		{F1E91BE4-44D0-4B89-8B40-A0D159EDD655}.Debug_Dedicated|Win32.Build.0 = Debug|Win32
		{F1E91BE4-44D0-4B89-8B40-A0D159EDD655}.Debug_Priquel|Win32.ActiveCfg = Debug|Win32
		{F1E91BE4-44D0-4B89-8B40-A0D159EDD655}.Debug_Priquel|Win32.Build.0 = Debug|Win32
		{F1E91BE4-44D0-4B89-8B40-A0D159EDD655}.Debug|Win32.ActiveCfg = Debug|Win32
		{F1E91BE4-44D0-4B89-8B40-A0D159EDD655}.Debug|Win32.Build.0 = Debug|Win32
		{F1E91BE4-44D0-4B89-8B40-A0D159EDD655}.Mixed_Dedicated|Win32.ActiveCfg = Debug|Win32
		{F1E91BE4-44D0-4B89-8B40-A0D159EDD655}.Mixed_Dedicated|Win32.Build.0 = Debug|Win32
		{F1E91BE4-44D0-4B89-8B40-A0D159EDD655}.Mixed_Priquel|Win32.ActiveCfg = Debug|Win32
		{F1E91BE4-44D0-4B89-8B40-A0D159EDD655}.Mixed_Priquel|Win32.Build.0 = Debug|Win32
		{F1E91BE4-44D0-4B89-8B40-A0D159EDD655}.Mixed|Win32.ActiveCfg = Mixed|Win32
		{F1E91BE4-44D0-4B89-8B40-A0D159EDD655}.Mixed|Win32.Build.0 = Mixed|Win32
		{F1E91BE4-44D0-4B89-8B40-A0D159EDD655}.Release_Dedicated|Win32.ActiveCfg = Release|Win32
		{F1E91BE4-44D0-4B89-8B40-A0D159EDD655}.Release_Dedicated|Win32.Build.0 = Release|Win32
		{F1E91BE4-44D0-4B89-8B40-A0D159EDD655}.Release_Priquel|Win32.ActiveCfg = Release|Win32
		{F1E91BE4-44D0-4B89-8B40-A0D159EDD655}.Release_Priquel|Win32.Build.0 = Release|Win32
		{F1E91BE4-44D0-4B89-8B40-A0D159EDD655}.Release|Win32.ActiveCfg = Release|Win32
		{F1E91BE4-44D0-4B89-8B40-A0D159EDD655}.Release|Win32.Build.0 = Release|Win32
		{786433AE-500D-4C65-8320-38DB53233670}.Debug_Dedicated|Win32.ActiveCfg = Debug|Win32
		{786433AE-500D-4C65-8320-38DB53233670}.Debug_Dedicated|Win32.Build.0 = Debug|Win32
		{786433AE-500D-4C65-8320-38DB53233670}.Debug_Priquel|Win32.ActiveCfg = Debug|Win32
		{786433AE-500D-4C65-8320-38DB53233670}.Debug_Priquel|Win32.Build.0 = Debug|Win32
		{786433AE-500D-4C65-8320-38DB53233670}.Debug|Win32.ActiveCfg = Debug|Win32
		{786433AE-500D-4C65-8320-38DB53233670}.Debug|Win32.Build.0 = Debug|Win32
		{786433AE-500D-4C65-8320-38DB53233670}.Mixed_Dedicated|Win32.ActiveCfg = Debug|Win32
		{786433AE-500D-4C65-8320-38DB53233670}.Mixed_Dedicated|Win32.Build.0 = Debug|Win32
		{786433AE-500D-4C65-8320-38DB53233670}.Mixed_Priquel|Win32.ActiveCfg = Debug|Win32
		{786433AE-500D-4C65-8320-38DB53233670}.Mixed_Priquel|Win32.Build.0 = Debug|Win32
		{786433AE-500D-4C65-8320-38DB53233670}.Mixed|Win32.ActiveCfg = Mixed|Win32
		{786433AE-500D-4C65-8320-38DB53233670}.Mixed|Win32.Build.0 = Mixed|Win32
		{786433AE-500D-4C65-8320-38DB53233670}.Release_Dedicated|Win32.ActiveCfg = Release|Win32
		{786433AE-500D-4C65-8320-38DB53233670}.Release_Dedicated|Win32.Build.0 = Release|Win32
		{786433AE-500D-4C65-8320-38DB53233670}.Release_Priquel|Win32.ActiveCfg = Release|Win32
		{786433AE-500D-4C65-8320-38DB53233670}.Release_Priquel|Win32.Build.0 = Release|Win32
		{786433AE-500D-4C65-8320-38DB53233670}.Release|Win32.ActiveCfg = Release|Win32
		{786433AE-500D-4C65-8320-38DB53233670}.Release|Win32.Build.0 = Release|Win32
		{A0F7D1FB-59A7-4717-A7E4-96F37E91998E}.Debug_Dedicated|Win32.ActiveCfg = Debug|Win32
		{A0F7D1FB-59A7-4717-A7E4-96F37E91998E}.Debug_Dedicated|Win32.Build.0 = Debug|Win32
		{A0F7D1FB-59A7-4717-A7E4-96F37E91998E}.Debug_Priquel|Win32.ActiveCfg = Debug|Win32
		{A0F7D1FB-59A7-4717-A7E4-96F37E91998E}.Debug_Priquel|Win32.Build.0 = Debug|Win32
		{A0F7D1FB-59A7-4717-A7E4-96F37E91998E}.Debug|Win32.ActiveCfg = Debug|Win32
		{A0F7D1FB-59A7-4717-A7E4-96F37E91998E}.Debug|Win32.Build.0 = Debug|Win32
		{A0F7D1FB-59A7-4717-A7E4-96F37E91998E}.Mixed_Dedicated|Win32.ActiveCfg = Debug|Win32
		{A0F7D1FB-59A7-4717-A7E4-96F37E91998E}.Mixed_Dedicated|Win32.Build.0 = Debug|Win32
		{A0F7D1FB-59A7-4717-A7E4-96F37E91998E}.Mixed_Priquel|Win32.ActiveCfg = Debug|Win32
		{A0F7D1FB-59A7-4717-A7E4-96F37E91998E}.Mixed_Priquel|Win32.Build.0 = Debug|Win32
		{A0F7D1FB-59A7-4717-A7E4-96F37E91998E}.Mixed|Win32.ActiveCfg = Mixed|Win32
		{A0F7D1FB-59A7-4717-A7E4-96F37E91998E}.Mixed|Win32.Build.0 = Mixed|Win32
		{A0F7D1FB-59A7-4717-A7E4-96F37E91998E}.Release_Dedicated|Win32.ActiveCfg = Release|Win32
		{A0F7D1FB-59A7-4717-A7E4-96F37E91998E}.Release_Dedicated|Win32.Build.0 = Release|Win32
		{A0F7D1FB-59A7-4717-A7E4-96F37E91998E}.Release_Priquel|Win32.ActiveCfg = Release|Win32
		{A0F7D1FB-59A7-4717-A7E4-96F37E91998E}.Release_Priquel|Win32.Build.0 = Release|Win32
		{A0F7D1FB-59A7-4717-A7E4-96F37E91998E}.Release|Win32.ActiveCfg = Release|Win32
		{A0F7D1FB-59A7-4717-A7E4-96F37E91998E}.Release|Win32.Build.0 = Release|Win32
		{3F51985E-2BD8-4E9D-B0E9-272D4846B7C1}.Debug_Dedicated|Win32.ActiveCfg = Debug|Win32
		{3F51985E-2BD8-4E9D-B0E9-272D4846B7C1}.Debug_Dedicated|Win32.Build.0 = Debug|Win32
		{3F51985E-2BD8-4E9D-B0E9-272D4846B7C1}.Debug_Priquel|Win32.ActiveCfg = Debug_Priquel|Win32
		{3F51985E-2BD8-4E9D-B0E9-272D4846B7C1}.Debug_Priquel|Win32.Build.0 = Debug_Priquel|Win32
		{3F51985E-2BD8-4E9D-B0E9-272D4846B7C1}.Debug|Win32.ActiveCfg = Debug|Win32
		{3F51985E-2BD8-4E9D-B0E9-272D4846B7C1}.Debug|Win32.Build.0 = Debug|Win32
		{3F51985E-2BD8-4E9D-B0E9-272D4846B7C1}.Mixed_Dedicated|Win32.ActiveCfg = Debug|Win32
		{3F51985E-2BD8-4E9D-B0E9-272D4846B7C1}.Mixed_Dedicated|Win32.Build.0 = Debug|Win32
		{3F51985E-2BD8-4E9D-B0E9-272D4846B7C1}.Mixed_Priquel|Win32.ActiveCfg = Mixed_Priquel|Win32
		{3F51985E-2BD8-4E9D-B0E9-272D4846B7C1}.Mixed_Priquel|Win32.Build.0 = Mixed_Priquel|Win32
		{3F51985E-2BD8-4E9D-B0E9-272D4846B7C1}.Mixed|Win32.ActiveCfg = Mixed|Win32
		{3F51985E-2BD8-4E9D-B0E9-272D4846B7C1}.Mixed|Win32.Build.0 = Mixed|Win32
		{3F51985E-2BD8-4E9D-B0E9-272D4846B7C1}.Release_Dedicated|Win32.ActiveCfg = Release|Win32
		{3F51985E-2BD8-4E9D-B0E9-272D4846B7C1}.Release_Dedicated|Win32.Build.0 = Release|Win32
		{3F51985E-2BD8-4E9D-B0E9-272D4846B7C1}.Release_Priquel|Win32.ActiveCfg = Release_Priquel|Win32
		{3F51985E-2BD8-4E9D-B0E9-272D4846B7C1}.Release_Priquel|Win32.Build.0 = Release_Priquel|Win32
		{3F51985E-2BD8-4E9D-B0E9-272D4846B7C1}.Release|Win32.ActiveCfg = Release|Win32
		{3F51985E-2BD8-4E9D-B0E9-272D4846B7C1}.Release|Win32.Build.0 = Release|Win32
		{3D786FD3-CE68-9244-69A8-6695AA9119C9}.Debug_Dedicated|Win32.ActiveCfg = Template|Win32
		{3D786FD3-CE68-9244-69A8-6695AA9119C9}.Debug_Dedicated|Win32.Build.0 = Template|Win32
		{3D786FD3-CE68-9244-69A8-6695AA9119C9}.Debug_Priquel|Win32.ActiveCfg = Template|Win32
		{3D786FD3-CE68-9244-69A8-6695AA9119C9}.Debug_Priquel|Win32.Build.0 = Template|Win32
		{3D786FD3-CE68-9244-69A8-6695AA9119C9}.Debug|Win32.ActiveCfg = Template|Win32
		{3D786FD3-CE68-9244-69A8-6695AA9119C9}.Debug|Win32.Build.0 = Template|Win32
		{3D786FD3-CE68-9244-69A8-6695AA9119C9}.Mixed_Dedicated|Win32.ActiveCfg = Template|Win32
		{3D786FD3-CE68-9244-69A8-6695AA9119C9}.Mixed_Dedicated|Win32.Build.0 = Template|Win32
		{3D786FD3-CE68-9244-69A8-6695AA9119C9}.Mixed_Priquel|Win32.ActiveCfg = Template|Win32
		{3D786FD3-CE68-9244-69A8-6695AA9119C9}.Mixed_Priquel|Win32.Build.0 = Template|Win32
		{3D786FD3-CE68-9244-69A8-6695AA9119C9}.Mixed|Win32.ActiveCfg = Template|Win32
		{3D786FD3-CE68-9244-69A8-6695AA9119C9}.Mixed|Win32.Build.0 = Template|Win32
		{3D786FD3-CE68-9244-69A8-6695AA9119C9}.Release_Dedicated|Win32.ActiveCfg = Template|Win32
		{3D786FD3-CE68-9244-69A8-6695AA9119C9}.Release_Dedicated|Win32.Build.0 = Template|Win32
		{3D786FD3-CE68-9244-69A8-6695AA9119C9}.Release_Priquel|Win32.ActiveCfg = Template|Win32
		{3D786FD3-CE68-9244-69A8-6695AA9119C9}.Release_Priquel|Win32.Build.0 = Template|Win32
		{3D786FD3-CE68-9244-69A8-6695AA9119C9}.Release|Win32.ActiveCfg = Template|Win32
		{3D786FD3-CE68-9244-69A8-6695AA9119C9}.Release|Win32.Build.0 = Template|Win32
		{9B9DB328-3EC7-4D97-8BDF-93EFA9ECB36D}.Debug_Dedicated|Win32.ActiveCfg = Debug|Win32
		{9B9DB328-3EC7-4D97-8BDF-93EFA9ECB36D}.Debug_Dedicated|Win32.Build.0 = Debug|Win32
		{9B9DB328-3EC7-4D97-8BDF-93EFA9ECB36D}.Debug_Priquel|Win32.ActiveCfg = Debug|Win32
		{9B9DB328-3EC7-4D97-8BDF-93EFA9ECB36D}.Debug_Priquel|Win32.Build.0 = Debug|Win32
		{9B9DB328-3EC7-4D97-8BDF-93EFA9ECB36D}.Debug|Win32.ActiveCfg = Debug|Win32
		{9B9DB328-3EC7-4D97-8BDF-93EFA9ECB36D}.Debug|Win32.Build.0 = Debug|Win32
		{9B9DB328-3EC7-4D97-8BDF-93EFA9ECB36D}.Mixed_Dedicated|Win32.ActiveCfg = Debug|Win32
		{9B9DB328-3EC7-4D97-8BDF-93EFA9ECB36D}.Mixed_Dedicated|Win32.Build.0 = Debug|Win32
		{9B9DB328-3EC7-4D97-8BDF-93EFA9ECB36D}.Mixed_Priquel|Win32.ActiveCfg = Debug|Win32
		{9B9DB328-3EC7-4D97-8BDF-93EFA9ECB36D}.Mixed_Priquel|Win32.Build.0 = Debug|Win32
		{9B9DB328-3EC7-4D97-8BDF-93EFA9ECB36D}.Mixed|Win32.ActiveCfg = Mixed|Win32
		{9B9DB328-3EC7-4D97-8BDF-93EFA9ECB36D}.Mixed|Win32.Build.0 = Mixed|Win32
		{9B9DB328-3EC7-4D97-8BDF-93EFA9ECB36D}.Release_Dedicated|Win32.ActiveCfg = Release|Win32
		{9B9DB328-3EC7-4D97-8BDF-93EFA9ECB36D}.Release_Dedicated|Win32.Build.0 = Release|Win32
		{9B9DB328-3EC7-4D97-8BDF-93EFA9ECB36D}.Release_Priquel|Win32.ActiveCfg = Release|Win32
		{9B9DB328-3EC7-4D97-8BDF-93EFA9ECB36D}.Release_Priquel|Win32.Build.0 = Release|Win32
		{9B9DB328-3EC7-4D97-8BDF-93EFA9ECB36D}.Release|Win32.ActiveCfg = Release|Win32
		{9B9DB328-3EC7-4D97-8BDF-93EFA9ECB36D}.Release|Win32.Build.0 = Release|Win32
		{BF2CC1D3-E271-47F2-9B73-D6C962358D46}.Debug_Dedicated|Win32.ActiveCfg = Debug|Win32
		{BF2CC1D3-E271-47F2-9B73-D6C962358D46}.Debug_Dedicated|Win32.Build.0 = Debug|Win32
		{BF2CC1D3-E271-47F2-9B73-D6C962358D46}.Debug_Priquel|Win32.ActiveCfg = Debug|Win32
		{BF2CC1D3-E271-47F2-9B73-D6C962358D46}.Debug_Priquel|Win32.Build.0 = Debug|Win32
		{BF2CC1D3-E271-47F2-9B73-D6C962358D46}.Debug|Win32.ActiveCfg = Debug|Win32
		{BF2CC1D3-E271-47F2-9B73-D6C962358D46}.Debug|Win32.Build.0 = Debug|Win32
		{BF2CC1D3-E271-47F2-9B73-D6C962358D46}.Mixed_Dedicated|Win32.ActiveCfg = Debug|Win32
		{BF2CC1D3-E271-47F2-9B73-D6C962358D46}.Mixed_Dedicated|Win32.Build.0 = Debug|Win32
		{BF2CC1D3-E271-47F2-9B73-D6C962358D46}.Mixed_Priquel|Win32.ActiveCfg = Debug|Win32
		{BF2CC1D3-E271-47F2-9B73-D6C962358D46}.Mixed_Priquel|Win32.Build.0 = Debug|Win32
		{BF2CC1D3-E271-47F2-9B73-D6C962358D46}.Mixed|Win32.ActiveCfg = Mixed|Win32
		{BF2CC1D3-E271-47F2-9B73-D6C962358D46}.Mixed|Win32.Build.0 = Mixed|Win32
		{BF2CC1D3-E271-47F2-9B73-D6C962358D46}.Release_Dedicated|Win32.ActiveCfg = Release|Win32
		{BF2CC1D3-E271-47F2-9B73-D6C962358D46}.Release_Dedicated|Win32.Build.0 = Release|Win32
		{BF2CC1D3-E271-47F2-9B73-D6C962358D46}.Release_Priquel|Win32.ActiveCfg = Release|Win32
		{BF2CC1D3-E271-47F2-9B73-D6C962358D46}.Release_Priquel|Win32.Build.0 = Release|Win32
		{BF2CC1D3-E271-47F2-9B73-D6C962358D46}.Release|Win32.ActiveCfg = Release|Win32
		{BF2CC1D3-E271-47F2-9B73-D6C962358D46}.Release|Win32.Build.0 = Release|Win32
		{B5AAC219-B893-49B7-9065-31E834CDEEA4}.Debug_Dedicated|Win32.ActiveCfg = Debug|Win32
		{B5AAC219-B893-49B7-9065-31E834CDEEA4}.Debug_Dedicated|Win32.Build.0 = Debug|Win32
		{B5AAC219-B893-49B7-9065-31E834CDEEA4}.Debug_Priquel|Win32.ActiveCfg = Debug|Win32
		{B5AAC219-B893-49B7-9065-31E834CDEEA4}.Debug_Priquel|Win32.Build.0 = Debug|Win32
		{B5AAC219-B893-49B7-9065-31E834CDEEA4}.Debug|Win32.ActiveCfg = Debug|Win32
		{B5AAC219-B893-49B7-9065-31E834CDEEA4}.Debug|Win32.Build.0 = Debug|Win32
		{B5AAC219-B893-49B7-9065-31E834CDEEA4}.Mixed_Dedicated|Win32.ActiveCfg = Debug|Win32
		{B5AAC219-B893-49B7-9065-31E834CDEEA4}.Mixed_Dedicated|Win32.Build.0 = Debug|Win32
		{B5AAC219-B893-49B7-9065-31E834CDEEA4}.Mixed_Priquel|Win32.ActiveCfg = Debug|Win32
		{B5AAC219-B893-49B7-9065-31E834CDEEA4}.Mixed_Priquel|Win32.Build.0 = Debug|Win32
		{B5AAC219-B893-49B7-9065-31E834CDEEA4}.Mixed|Win32.ActiveCfg = Debug|Win32
		{B5AAC219-B893-49B7-9065-31E834CDEEA4}.Mixed|Win32.Build.0 = Debug|Win32
		{B5AAC219-B893-49B7-9065-31E834CDEEA4}.Release_Dedicated|Win32.ActiveCfg = Release|Win32
		{B5AAC219-B893-49B7-9065-31E834CDEEA4}.Release_Dedicated|Win32.Build.0 = Release|Win32
		{B5AAC219-B893-49B7-9065-31E834CDEEA4}.Release_Priquel|Win32.ActiveCfg = Release|Win32
		{B5AAC219-B893-49B7-9065-31E834CDEEA4}.Release_Priquel|Win32.Build.0 = Release|Win32
		{B5AAC219-B893-49B7-9065-31E834CDEEA4}.Release|Win32.ActiveCfg = Release|Win32
		{B5AAC219-B893-49B7-9065-31E834CDEEA4}.Release|Win32.Build.0 = Release|Win32
		{CD269EFC-080E-4C43-B787-6461F5B81E65}.Debug_Dedicated|Win32.ActiveCfg = Debug|Win32
		{CD269EFC-080E-4C43-B787-6461F5B81E65}.Debug_Dedicated|Win32.Build.0 = Debug|Win32
		{CD269EFC-080E-4C43-B787-6461F5B81E65}.Debug_Priquel|Win32.ActiveCfg = Debug|Win32
		{CD269EFC-080E-4C43-B787-6461F5B81E65}.Debug_Priquel|Win32.Build.0 = Debug|Win32
		{CD269EFC-080E-4C43-B787-6461F5B81E65}.Debug|Win32.ActiveCfg = Debug|Win32
		{CD269EFC-080E-4C43-B787-6461F5B81E65}.Debug|Win32.Build.0 = Debug|Win32
		{CD269EFC-080E-4C43-B787-6461F5B81E65}.Mixed_Dedicated|Win32.ActiveCfg = Debug|Win32
		{CD269EFC-080E-4C43-B787-6461F5B81E65}.Mixed_Dedicated|Win32.Build.0 = Debug|Win32
		{CD269EFC-080E-4C43-B787-6461F5B81E65}.Mixed_Priquel|Win32.ActiveCfg = Debug|Win32
		{CD269EFC-080E-4C43-B787-6461F5B81E65}.Mixed_Priquel|Win32.Build.0 = Debug|Win32
		{CD269EFC-080E-4C43-B787-6461F5B81E65}.Mixed|Win32.ActiveCfg = Debug|Win32
		{CD269EFC-080E-4C43-B787-6461F5B81E65}.Mixed|Win32.Build.0 = Debug|Win32
		{CD269EFC-080E-4C43-B787-6461F5B81E65}.Release_Dedicated|Win32.ActiveCfg = Release|Win32
		{CD269EFC-080E-4C43-B787-6461F5B81E65}.Release_Dedicated|Win32.Build.0 = Release|Win32
		{CD269EFC-080E-4C43-B787-6461F5B81E65}.Release_Priquel|Win32.ActiveCfg = Release|Win32
		{CD269EFC-080E-4C43-B787-6461F5B81E65}.Release_Priquel|Win32.Build.0 = Release|Win32
		{CD269EFC-080E-4C43-B787-6461F5B81E65}.Release|Win32.ActiveCfg = Release|Win32
		{CD269EFC-080E-4C43-B787-6461F5B81E65}.Release|Win32.Build.0 = Release|Win32
		{5535F6B4-7AE6-4B66-8AEA-CC31C14D7AB7}.Debug_Dedicated|Win32.ActiveCfg = Debug|Win32
		{5535F6B4-7AE6-4B66-8AEA-CC31C14D7AB7}.Debug_Dedicated|Win32.Build.0 = Debug|Win32
		{5535F6B4-7AE6-4B66-8AEA-CC31C14D7AB7}.Debug_Priquel|Win32.ActiveCfg = Debug|Win32
		{5535F6B4-7AE6-4B66-8AEA-CC31C14D7AB7}.Debug_Priquel|Win32.Build.0 = Debug|Win32
		{5535F6B4-7AE6-4B66-8AEA-CC31C14D7AB7}.Debug|Win32.ActiveCfg = Debug|Win32
		{5535F6B4-7AE6-4B66-8AEA-CC31C14D7AB7}.Debug|Win32.Build.0 = Debug|Win32
		{5535F6B4-7AE6-4B66-8AEA-CC31C14D7AB7}.Mixed_Dedicated|Win32.ActiveCfg = Debug|Win32
		{5535F6B4-7AE6-4B66-8AEA-CC31C14D7AB7}.Mixed_Dedicated|Win32.Build.0 = Debug|Win32
		{5535F6B4-7AE6-4B66-8AEA-CC31C14D7AB7}.Mixed_Priquel|Win32.ActiveCfg = Debug|Win32
		{5535F6B4-7AE6-4B66-8AEA-CC31C14D7AB7}.Mixed_Priquel|Win32.Build.0 = Debug|Win32
		{5535F6B4-7AE6-4B66-8AEA-CC31C14D7AB7}.Mixed|Win32.ActiveCfg = Debug|Win32
		{5535F6B4-7AE6-4B66-8AEA-CC31C14D7AB7}.Mixed|Win32.Build.0 = Debug|Win32
		{5535F6B4-7AE6-4B66-8AEA-CC31C14D7AB7}.Release_Dedicated|Win32.ActiveCfg = Release|Win32
		{5535F6B4-7AE6-4B66-8AEA-CC31C14D7AB7}.Release_Dedicated|Win32.Build.0 = Release|Win32
		{5535F6B4-7AE6-4B66-8AEA-CC31C14D7AB7}.Release_Priquel|Win32.ActiveCfg = Release|Win32
		{5535F6B4-7AE6-4B66-8AEA-CC31C14D7AB7}.Release_Priquel|Win32.Build.0 = Release|Win32
		{5535F6B4-7AE6-4B66-8AEA-CC31C14D7AB7}.Release|Win32.ActiveCfg = Release|Win32
		{5535F6B4-7AE6-4B66-8AEA-CC31C14D7AB7}.Release|Win32.Build.0 = Release|Win32
	EndGlobalSection
	GlobalSection(SolutionProperties) = preSolution
		HideSolutionNode = FALSE
	EndGlobalSection
	GlobalSection(NestedProjects) = preSolution
		{6BE93BFF-E2B4-43F2-ADBB-F8971E43CD5A} = {2BFC806B-CE92-4EA4-8FE8-5F2EA54BA348}
		{2578C6D8-660D-48AE-9322-7422F8664F06} = {D67216F8-3983-4901-8501-88407927BD68}
		{A19B1DF2-82EC-4364-8BDF-85D13A1C89B5} = {D67216F8-3983-4901-8501-88407927BD68}
		{CA0649DD-D089-423A-981C-46B57A884EB9} = {D67216F8-3983-4901-8501-88407927BD68}
		{200652A6-043E-4634-8837-87983B3BD5E0} = {D67216F8-3983-4901-8501-88407927BD68}
		{9ACE5473-6D68-4B96-AC42-B39EABA0FE1F} = {D67216F8-3983-4901-8501-88407927BD68}
		{435BAC9A-B225-457D-AB40-C9BD0CC8838C} = {D67216F8-3983-4901-8501-88407927BD68}
		{94A1C366-3D19-48E6-8170-4ADC2E70DF97} = {D67216F8-3983-4901-8501-88407927BD68}
		{57A498C9-A741-4DDF-8EFC-BFB9EB6B00E2} = {D67216F8-3983-4901-8501-88407927BD68}
		{963BA4E5-499A-454D-B002-1D5ECE0527A6} = {D67216F8-3983-4901-8501-88407927BD68}
		{CCCA7859-EB86-493E-9B53-C4235F45B3C5} = {D67216F8-3983-4901-8501-88407927BD68}
		{94A1C366-3D19-48E6-8170-4ADC2E70DF98} = {D67216F8-3983-4901-8501-88407927BD68}
		{B81AFF87-6159-4119-9266-A698EA51B39A} = {6BE93BFF-E2B4-43F2-ADBB-F8971E43CD5A}
		{CB21F08E-8089-41FE-87B1-27A772777B4B} = {6BE93BFF-E2B4-43F2-ADBB-F8971E43CD5A}
		{D0E5AFCC-2F2D-4DBD-B2D5-1B57874C984D} = {6BE93BFF-E2B4-43F2-ADBB-F8971E43CD5A}
		{A2215ADB-6EF0-496E-B74F-B21B4A60FA2F} = {2BFC806B-CE92-4EA4-8FE8-5F2EA54BA348}
		{3A013736-9E2D-4970-9E70-EC2FD38B3602} = {2BFC806B-CE92-4EA4-8FE8-5F2EA54BA348}
		{CC98C9DB-0778-4F99-B3C8-72586844D500} = {89F6A7EE-3BBE-45D3-A8A8-5D9366CD987B}
		{B6683831-869A-4162-8B26-C181A7219032} = {89F6A7EE-3BBE-45D3-A8A8-5D9366CD987B}
		{A2FFD300-5B48-41D9-87C5-C6AE7C23B5E7} = {89F6A7EE-3BBE-45D3-A8A8-5D9366CD987B}
		{BB386830-C6A8-4862-8D18-57BB8875FFB4} = {89F6A7EE-3BBE-45D3-A8A8-5D9366CD987B}
		{09002285-CACC-41BB-B8FC-C27D1BE12C6D} = {89F6A7EE-3BBE-45D3-A8A8-5D9366CD987B}
		{F1E91BE4-44D0-4B89-8B40-A0D159EDD655} = {89F6A7EE-3BBE-45D3-A8A8-5D9366CD987B}
		{786433AE-500D-4C65-8320-38DB53233670} = {89F6A7EE-3BBE-45D3-A8A8-5D9366CD987B}
		{A0F7D1FB-59A7-4717-A7E4-96F37E91998E} = {D67216F8-3983-4901-8501-88407927BD68}
		{3F51985E-2BD8-4E9D-B0E9-272D4846B7C1} = {89F6A7EE-3BBE-45D3-A8A8-5D9366CD987B}
		{3D786FD3-CE68-9244-69A8-6695AA9119C9} = {89F6A7EE-3BBE-45D3-A8A8-5D9366CD987B}
		{9B9DB328-3EC7-4D97-8BDF-93EFA9ECB36D} = {89F6A7EE-3BBE-45D3-A8A8-5D9366CD987B}
		{BF2CC1D3-E271-47F2-9B73-D6C962358D46} = {89F6A7EE-3BBE-45D3-A8A8-5D9366CD987B}
		{B5AAC219-B893-49B7-9065-31E834CDEEA4} = {89F6A7EE-3BBE-45D3-A8A8-5D9366CD987B}
		{CD269EFC-080E-4C43-B787-6461F5B81E65} = {3FC858CB-4888-42FF-ABC5-82DAECB59C2C}
		{5535F6B4-7AE6-4B66-8AEA-CC31C14D7AB7} = {D67216F8-3983-4901-8501-88407927BD68}
	EndGlobalSection
	GlobalSection(ExtensibilityGlobals) = postSolution
		SolutionGuid = {22C58CAA-4FA7-4C24-9EA3-EEC93E2D552E}
	EndGlobalSection
	GlobalSection(DPCodeReviewSolutionGUID) = preSolution
		DPCodeReviewSolutionGUID = {00000000-0000-0000-0000-000000000000}
	EndGlobalSection
EndGlobal
